
Microsoft Visual Studio Solution File, Format Version 12.00
# Visual Studio Version 16
VisualStudioVersion = 16.0.31613.86
MinimumVisualStudioVersion = 10.0.40219.1
Project("{FAE04EC0-301F-11D3-BF4B-00C04F79EFBC}") = "SpotiDown.Android", "SpotiDown\SpotiDown.Android\SpotiDown.Android.csproj", "{1428EC0D-C297-4D80-BA5A-4AACDFDB6EC4}"
EndProject
Project("{9A19103F-16F7-4668-BE54-9A1E7A4F7556}") = "SpotiDown", "SpotiDown\SpotiDown\SpotiDown.csproj", "{81A06CC1-695D-4A2C-B5EE-119D85251B30}"
EndProject
Global
	GlobalSection(SolutionConfigurationPlatforms) = preSolution
		Debug|Any CPU = Debug|Any CPU
		Release|Any CPU = Release|Any CPU
	EndGlobalSection
	GlobalSection(ProjectConfigurationPlatforms) = postSolution
		{1428EC0D-C297-4D80-BA5A-4AACDFDB6EC4}.Debug|Any CPU.ActiveCfg = Debug|Any CPU
		{1428EC0D-C297-4D80-BA5A-4AACDFDB6EC4}.Debug|Any CPU.Build.0 = Debug|Any CPU
		{1428EC0D-C297-4D80-BA5A-4AACDFDB6EC4}.Debug|Any CPU.Deploy.0 = Debug|Any CPU
		{1428EC0D-C297-4D80-BA5A-4AACDFDB6EC4}.Release|Any CPU.ActiveCfg = Release|Any CPU
		{1428EC0D-C297-4D80-BA5A-4AACDFDB6EC4}.Release|Any CPU.Build.0 = Release|Any CPU
		{1428EC0D-C297-4D80-BA5A-4AACDFDB6EC4}.Release|Any CPU.Deploy.0 = Release|Any CPU
		{81A06CC1-695D-4A2C-B5EE-119D85251B30}.Debug|Any CPU.ActiveCfg = Debug|Any CPU
		{81A06CC1-695D-4A2C-B5EE-119D85251B30}.Debug|Any CPU.Build.0 = Debug|Any CPU
		{81A06CC1-695D-4A2C-B5EE-119D85251B30}.Release|Any CPU.ActiveCfg = Release|Any CPU
		{81A06CC1-695D-4A2C-B5EE-119D85251B30}.Release|Any CPU.Build.0 = Release|Any CPU
	EndGlobalSection
	GlobalSection(SolutionProperties) = preSolution
		HideSolutionNode = FALSE
	EndGlobalSection
	GlobalSection(ExtensibilityGlobals) = postSolution
		SolutionGuid = {C22F8617-4525-44BB-BBB2-D63FCFB58BB2}
	EndGlobalSection
EndGlobal
